<Solution>
  <Folder Name="/src/">
    <Project Path="src/VSlices.DocumentGeneration/VSlices.DocumentGeneration.csproj" />
    <Project Path="src/VSlices.Targets.DotNet/VSlices.Targets.DotNet.csproj" />
    <Project Path="src/VSlices.Tooling/VSlices.Tooling.csproj" />
    <Project Path="src/VSlices.Vsir/VSlices.Vsir.csproj" />
    <Project Path="src/VSlices.Vsir.CSharp/VSlices.Vsir.CSharp.csproj" />
  </Folder>
  <Folder Name="/tests/">
    <Project Path="tests/VSlices.Vsir.CSharp.Tests/VSlices.Vsir.CSharp.Tests.csproj" />
  </Folder>
  <Folder Name="/src/framework/" />
  <Folder Name="/src/framework/src/">
    <Project Path="src/framework/src/VSlices.Application/VSlices.Application.csproj" />
    <Project Path="src/framework/src/VSlices.Domain/VSlices.Domain.csproj" />
    <Project Path="src/framework/src/VSlices.Infrastructure/VSlices.Infrastructure.csproj" />
    <Project Path="src/framework/src/VSlices/VSlices.csproj" />
  </Folder>
</Solution>
